
Microsoft Visual Studio Solution File, Format Version 12.00
# Visual Studio 15
VisualStudioVersion = 15.0.28010.2003
MinimumVisualStudioVersion = 10.0.40219.1
Project("{FAE04EC0-301F-11D3-BF4B-00C04F79EFBC}") = "AspnetSmallStore", "AspnetSmallStore\AspnetSmallStore.csproj", "{DB44A218-5059-46DF-8FB8-ECF8B38D79F4}"
EndProject
Global
	GlobalSection(SolutionConfigurationPlatforms) = preSolution
		Debug|Any CPU = Debug|Any CPU
		Release|Any CPU = Release|Any CPU
	EndGlobalSection
	GlobalSection(ProjectConfigurationPlatforms) = postSolution
		{DB44A218-5059-46DF-8FB8-ECF8B38D79F4}.Debug|Any CPU.ActiveCfg = Debug|Any CPU
		{DB44A218-5059-46DF-8FB8-ECF8B38D79F4}.Debug|Any CPU.Build.0 = Debug|Any CPU
		{DB44A218-5059-46DF-8FB8-ECF8B38D79F4}.Release|Any CPU.ActiveCfg = Release|Any CPU
		{DB44A218-5059-46DF-8FB8-ECF8B38D79F4}.Release|Any CPU.Build.0 = Release|Any CPU
	EndGlobalSection
	GlobalSection(SolutionProperties) = preSolution
		HideSolutionNode = FALSE
	EndGlobalSection
	GlobalSection(ExtensibilityGlobals) = postSolution
		SolutionGuid = {D45C6B37-98A2-493F-9FBF-72E7A6926CE3}
	EndGlobalSection
EndGlobal
